// !$*UTF8*$!
{
	archiveVersion = 1;
	classes = {
	};
	objectVersion = 77;
	objects = {

/* Begin PBXBuildFile section */
		88E095C319EDA7ACBFB47B24 /* CompanionSettings.swift in Sources */ = {isa = PBXBuildFile; fileRef = 765CA79B0178CB95A06D94FD /* CompanionSettings.swift */; };
		C30503A7C75951B00DD4426A /* CompanionWebView.swift in Sources */ = {isa = PBXBuildFile; fileRef = BCA49454AF5A7989AED1F415 /* CompanionWebView.swift */; };
		D265BF36F7517385397F8E5D /* RootTabView.swift in Sources */ = {isa = PBXBuildFile; fileRef = 097E56C71665CC6E27FCC811 /* RootTabView.swift */; };
		FBDBF3D382FE91B9940F7BDA /* PythonQuestCompanionApp.swift in Sources */ = {isa = PBXBuildFile; fileRef = F141F537F8EE24C70DCEA8F4 /* PythonQuestCompanionApp.swift */; };
/* End PBXBuildFile section */

/* Begin PBXFileReference section */
		097E56C71665CC6E27FCC811 /* RootTabView.swift */ = {isa = PBXFileReference; lastKnownFileType = sourcecode.swift; path = RootTabView.swift; sourceTree = "<group>"; };
		61C4FA6D8A9D4A4744989D38 /* PythonQuestCompanion.app */ = {isa = PBXFileReference; includeInIndex = 0; lastKnownFileType = wrapper.application; path = PythonQuestCompanion.app; sourceTree = BUILT_PRODUCTS_DIR; };
		765CA79B0178CB95A06D94FD /* CompanionSettings.swift */ = {isa = PBXFileReference; lastKnownFileType = sourcecode.swift; path = CompanionSettings.swift; sourceTree = "<group>"; };
		BCA49454AF5A7989AED1F415 /* CompanionWebView.swift */ = {isa = PBXFileReference; lastKnownFileType = sourcecode.swift; path = CompanionWebView.swift; sourceTree = "<group>"; };
		F141F537F8EE24C70DCEA8F4 /* PythonQuestCompanionApp.swift */ = {isa = PBXFileReference; lastKnownFileType = sourcecode.swift; path = PythonQuestCompanionApp.swift; sourceTree = "<group>"; };
/* End PBXFileReference section */

/* Begin PBXGroup section */
		194992A90C31C59A4969F1E8 /* Products */ = {
			isa = PBXGroup;
			children = (
				61C4FA6D8A9D4A4744989D38 /* PythonQuestCompanion.app */,
			);
			name = Products;
			sourceTree = "<group>";
		};
		271E527478B90F8EAFD446B6 /* Sources */ = {
			isa = PBXGroup;
			children = (
				765CA79B0178CB95A06D94FD /* CompanionSettings.swift */,
				BCA49454AF5A7989AED1F415 /* CompanionWebView.swift */,
				F141F537F8EE24C70DCEA8F4 /* PythonQuestCompanionApp.swift */,
				097E56C71665CC6E27FCC811 /* RootTabView.swift */,
			);
			path = Sources;
			sourceTree = "<group>";
		};
		78358E77D13EA0682D8BA2CC = {
			isa = PBXGroup;
			children = (
				271E527478B90F8EAFD446B6 /* Sources */,
				194992A90C31C59A4969F1E8 /* Products */,
			);
			sourceTree = "<group>";
		};
/* End PBXGroup section */

/* Begin PBXNativeTarget section */
		312D72BE81EECEAC7C1820C2 /* PythonQuestCompanion */ = {
			isa = PBXNativeTarget;
			buildConfigurationList = 7F28F411E980125CF213FCF7 /* Build configuration list for PBXNativeTarget "PythonQuestCompanion" */;
			buildPhases = (
				80D4E41CD73F298EAD1553E2 /* Sources */,
			);
			buildRules = (
			);
			dependencies = (
			);
			name = PythonQuestCompanion;
			packageProductDependencies = (
			);
			productName = PythonQuestCompanion;
			productReference = 61C4FA6D8A9D4A4744989D38 /* PythonQuestCompanion.app */;
			productType = "com.apple.product-type.application";
		};
/* End PBXNativeTarget section */

/* Begin PBXProject section */
		23D5BA7C311CCE4A5EF5DEA9 /* Project object */ = {
			isa = PBXProject;
			attributes = {
				BuildIndependentTargetsInParallel = YES;
				LastUpgradeCheck = 1430;
				TargetAttributes = {
				};
			};
			buildConfigurationList = 09079180C1833E2C985C1930 /* Build configuration list for PBXProject "PythonQuestCompanion" */;
			developmentRegion = en;
			hasScannedForEncodings = 0;
			knownRegions = (
				Base,
				en,
			);
			mainGroup = 78358E77D13EA0682D8BA2CC;
			minimizedProjectReferenceProxies = 1;
			preferredProjectObjectVersion = 77;
			productRefGroup = 194992A90C31C59A4969F1E8 /* Products */;
			projectDirPath = "";
			projectRoot = "";
			targets = (
				312D72BE81EECEAC7C1820C2 /* PythonQuestCompanion */,
			);
		};
/* End PBXProject section */

/* Begin PBXSourcesBuildPhase section */
		80D4E41CD73F298EAD1553E2 /* Sources */ = {
			isa = PBXSourcesBuildPhase;
			buildActionMask = 2147483647;
			files = (
				88E095C319EDA7ACBFB47B24 /* CompanionSettings.swift in Sources */,
				C30503A7C75951B00DD4426A /* CompanionWebView.swift in Sources */,
				FBDBF3D382FE91B9940F7BDA /* PythonQuestCompanionApp.swift in Sources */,
				D265BF36F7517385397F8E5D /* RootTabView.swift in Sources */,
			);
			runOnlyForDeploymentPostprocessing = 0;
		};
/* End PBXSourcesBuildPhase section */

/* Begin XCBuildConfiguration section */
		25442D31BF2CC50BFED5D0C5 /* Release */ = {
			isa = XCBuildConfiguration;
			buildSettings = {
				ALWAYS_SEARCH_USER_PATHS = NO;
				CLANG_ANALYZER_NONNULL = YES;
				CLANG_ANALYZER_NUMBER_OBJECT_CONVERSION = YES_AGGRESSIVE;
				CLANG_CXX_LANGUAGE_STANDARD = "gnu++14";
				CLANG_CXX_LIBRARY = "libc++";
				CLANG_ENABLE_MODULES = YES;
				CLANG_ENABLE_OBJC_ARC = YES;
				CLANG_ENABLE_OBJC_WEAK = YES;
				CLANG_WARN_BLOCK_CAPTURE_AUTORELEASING = YES;
				CLANG_WARN_BOOL_CONVERSION = YES;
				CLANG_WARN_COMMA = YES;
				CLANG_WARN_CONSTANT_CONVERSION = YES;
				CLANG_WARN_DEPRECATED_OBJC_IMPLEMENTATIONS = YES;
				CLANG_WARN_DIRECT_OBJC_ISA_USAGE = YES_ERROR;
				CLANG_WARN_DOCUMENTATION_COMMENTS = YES;
				CLANG_WARN_EMPTY_BODY = YES;
				CLANG_WARN_ENUM_CONVERSION = YES;
				CLANG_WARN_INFINITE_RECURSION = YES;
				CLANG_WARN_INT_CONVERSION = YES;
				CLANG_WARN_NON_LITERAL_NULL_CONVERSION = YES;
				CLANG_WARN_OBJC_IMPLICIT_RETAIN_SELF = YES;
				CLANG_WARN_OBJC_LITERAL_CONVERSION = YES;
				CLANG_WARN_OBJC_ROOT_CLASS = YES_ERROR;
				CLANG_WARN_QUOTED_INCLUDE_IN_FRAMEWORK_HEADER = YES;
				CLANG_WARN_RANGE_LOOP_ANALYSIS = YES;
				CLANG_WARN_STRICT_PROTOTYPES = YES;
				CLANG_WARN_SUSPICIOUS_MOVE = YES;
				CLANG_WARN_UNGUARDED_AVAILABILITY = YES_AGGRESSIVE;
				CLANG_WARN_UNREACHABLE_CODE = YES;
				CLANG_WARN__DUPLICATE_METHOD_MATCH = YES;
				COPY_PHASE_STRIP = NO;
				DEBUG_INFORMATION_FORMAT = "dwarf-with-dsym";
				ENABLE_NS_ASSERTIONS = NO;
				ENABLE_STRICT_OBJC_MSGSEND = YES;
				GCC_C_LANGUAGE_STANDARD = gnu11;
				GCC_NO_COMMON_BLOCKS = YES;
				GCC_WARN_64_TO_32_BIT_CONVERSION = YES;
				GCC_WARN_ABOUT_RETURN_TYPE = YES_ERROR;
				GCC_WARN_UNDECLARED_SELECTOR = YES;
				GCC_WARN_UNINITIALIZED_AUTOS = YES_AGGRESSIVE;
				GCC_WARN_UNUSED_FUNCTION = YES;
				GCC_WARN_UNUSED_VARIABLE = YES;
				MTL_ENABLE_DEBUG_INFO = NO;
				MTL_FAST_MATH = YES;
				PRODUCT_NAME = "$(TARGET_NAME)";
				SDKROOT = iphoneos;
				SWIFT_COMPILATION_MODE = wholemodule;
				SWIFT_OPTIMIZATION_LEVEL = "-O";
				SWIFT_VERSION = 5.0;
			};
			name = Release;
		};
		4CA90CF27827CF1CEC7A19E9 /* Release */ = {
			isa = XCBuildConfiguration;
			buildSettings = {
				ASSETCATALOG_COMPILER_APPICON_NAME = AppIcon;
				CODE_SIGN_IDENTITY = "iPhone Developer";
				INFOPLIST_FILE = Resources/Info.plist;
				IPHONEOS_DEPLOYMENT_TARGET = 17.0;
				LD_RUNPATH_SEARCH_PATHS = (
					"$(inherited)",
					"@executable_path/Frameworks",
				);
				PRODUCT_BUNDLE_IDENTIFIER = com.johnsonanikethnagamallah.pythonquestcompanion;
				SDKROOT = iphoneos;
				SWIFT_VERSION = 5.0;
				TARGETED_DEVICE_FAMILY = "1,2";
			};
			name = Release;
		};
		51FA633A7CEA740A2B6185A6 /* Debug */ = {
			isa = XCBuildConfiguration;
			buildSettings = {
				ALWAYS_SEARCH_USER_PATHS = NO;
				CLANG_ANALYZER_NONNULL = YES;
				CLANG_ANALYZER_NUMBER_OBJECT_CONVERSION = YES_AGGRESSIVE;
				CLANG_CXX_LANGUAGE_STANDARD = "gnu++14";
				CLANG_CXX_LIBRARY = "libc++";
				CLANG_ENABLE_MODULES = YES;
				CLANG_ENABLE_OBJC_ARC = YES;
				CLANG_ENABLE_OBJC_WEAK = YES;
				CLANG_WARN_BLOCK_CAPTURE_AUTORELEASING = YES;
				CLANG_WARN_BOOL_CONVERSION = YES;
				CLANG_WARN_COMMA = YES;
				CLANG_WARN_CONSTANT_CONVERSION = YES;
				CLANG_WARN_DEPRECATED_OBJC_IMPLEMENTATIONS = YES;
				CLANG_WARN_DIRECT_OBJC_ISA_USAGE = YES_ERROR;
				CLANG_WARN_DOCUMENTATION_COMMENTS = YES;
				CLANG_WARN_EMPTY_BODY = YES;
				CLANG_WARN_ENUM_CONVERSION = YES;
				CLANG_WARN_INFINITE_RECURSION = YES;
				CLANG_WARN_INT_CONVERSION = YES;
				CLANG_WARN_NON_LITERAL_NULL_CONVERSION = YES;
				CLANG_WARN_OBJC_IMPLICIT_RETAIN_SELF = YES;
				CLANG_WARN_OBJC_LITERAL_CONVERSION = YES;
				CLANG_WARN_OBJC_ROOT_CLASS = YES_ERROR;
				CLANG_WARN_QUOTED_INCLUDE_IN_FRAMEWORK_HEADER = YES;
				CLANG_WARN_RANGE_LOOP_ANALYSIS = YES;
				CLANG_WARN_STRICT_PROTOTYPES = YES;
				CLANG_WARN_SUSPICIOUS_MOVE = YES;
				CLANG_WARN_UNGUARDED_AVAILABILITY = YES_AGGRESSIVE;
				CLANG_WARN_UNREACHABLE_CODE = YES;
				CLANG_WARN__DUPLICATE_METHOD_MATCH = YES;
				COPY_PHASE_STRIP = NO;
				DEBUG_INFORMATION_FORMAT = dwarf;
				ENABLE_STRICT_OBJC_MSGSEND = YES;
				ENABLE_TESTABILITY = YES;
				GCC_C_LANGUAGE_STANDARD = gnu11;
				GCC_DYNAMIC_NO_PIC = NO;
				GCC_NO_COMMON_BLOCKS = YES;
				GCC_OPTIMIZATION_LEVEL = 0;
				GCC_PREPROCESSOR_DEFINITIONS = (
					"$(inherited)",
					"DEBUG=1",
				);
				GCC_WARN_64_TO_32_BIT_CONVERSION = YES;
				GCC_WARN_ABOUT_RETURN_TYPE = YES_ERROR;
				GCC_WARN_UNDECLARED_SELECTOR = YES;
				GCC_WARN_UNINITIALIZED_AUTOS = YES_AGGRESSIVE;
				GCC_WARN_UNUSED_FUNCTION = YES;
				GCC_WARN_UNUSED_VARIABLE = YES;
				MTL_ENABLE_DEBUG_INFO = INCLUDE_SOURCE;
				MTL_FAST_MATH = YES;
				ONLY_ACTIVE_ARCH = YES;
				PRODUCT_NAME = "$(TARGET_NAME)";
				SDKROOT = iphoneos;
				SWIFT_ACTIVE_COMPILATION_CONDITIONS = DEBUG;
				SWIFT_OPTIMIZATION_LEVEL = "-Onone";
				SWIFT_VERSION = 5.0;
			};
			name = Debug;
		};
		A7F10052EADD54C99381F24C /* Debug */ = {
			isa = XCBuildConfiguration;
			buildSettings = {
				ASSETCATALOG_COMPILER_APPICON_NAME = AppIcon;
				CODE_SIGN_IDENTITY = "iPhone Developer";
				INFOPLIST_FILE = Resources/Info.plist;
				IPHONEOS_DEPLOYMENT_TARGET = 17.0;
				LD_RUNPATH_SEARCH_PATHS = (
					"$(inherited)",
					"@executable_path/Frameworks",
				);
				PRODUCT_BUNDLE_IDENTIFIER = com.johnsonanikethnagamallah.pythonquestcompanion;
				SDKROOT = iphoneos;
				SWIFT_VERSION = 5.0;
				TARGETED_DEVICE_FAMILY = "1,2";
			};
			name = Debug;
		};
/* End XCBuildConfiguration section */

/* Begin XCConfigurationList section */
		09079180C1833E2C985C1930 /* Build configuration list for PBXProject "PythonQuestCompanion" */ = {
			isa = XCConfigurationList;
			buildConfigurations = (
				51FA633A7CEA740A2B6185A6 /* Debug */,
				25442D31BF2CC50BFED5D0C5 /* Release */,
			);
			defaultConfigurationIsVisible = 0;
			defaultConfigurationName = Debug;
		};
		7F28F411E980125CF213FCF7 /* Build configuration list for PBXNativeTarget "PythonQuestCompanion" */ = {
			isa = XCConfigurationList;
			buildConfigurations = (
				A7F10052EADD54C99381F24C /* Debug */,
				4CA90CF27827CF1CEC7A19E9 /* Release */,
			);
			defaultConfigurationIsVisible = 0;
			defaultConfigurationName = Debug;
		};
/* End XCConfigurationList section */
	};
	rootObject = 23D5BA7C311CCE4A5EF5DEA9 /* Project object */;
}
